
Microsoft Visual Studio Solution File, Format Version 12.00
# Visual Studio Version 16
VisualStudioVersion = 16.0.33801.447
MinimumVisualStudioVersion = 10.0.40219.1
Project("{9A19103F-16F7-4668-BE54-9A1E7A4F7556}") = "NiharsBookstore", "NiharsBookstore\NiharsBookstore.csproj", "{9CFA4895-1ACA-4A06-8439-AF211E8B591A}"
EndProject
Project("{FAE04EC0-301F-11D3-BF4B-00C04F79EFBC}") = "NiharsBooks.DataAccess", "NiharsBooks.DataAccess\NiharsBooks.DataAccess.csproj", "{04B6B1B8-E689-4EE0-B61D-A3927E2B8476}"
EndProject
Project("{FAE04EC0-301F-11D3-BF4B-00C04F79EFBC}") = "NiharsBooks.Models", "NiharsBooks.Models\NiharsBooks.Models.csproj", "{7FC50470-8275-4F76-B572-AD5C29863ACB}"
EndProject
Project("{FAE04EC0-301F-11D3-BF4B-00C04F79EFBC}") = "NiharsBooks.Utilites", "NiharsBooks.Utilites\NiharsBooks.Utilites.csproj", "{4C90ACF4-823D-425A-BC9B-6303F8474344}"
EndProject
Global
	GlobalSection(SolutionConfigurationPlatforms) = preSolution
		Debug|Any CPU = Debug|Any CPU
		Release|Any CPU = Release|Any CPU
	EndGlobalSection
	GlobalSection(ProjectConfigurationPlatforms) = postSolution
		{9CFA4895-1ACA-4A06-8439-AF211E8B591A}.Debug|Any CPU.ActiveCfg = Debug|Any CPU
		{9CFA4895-1ACA-4A06-8439-AF211E8B591A}.Debug|Any CPU.Build.0 = Debug|Any CPU
		{9CFA4895-1ACA-4A06-8439-AF211E8B591A}.Release|Any CPU.ActiveCfg = Release|Any CPU
		{9CFA4895-1ACA-4A06-8439-AF211E8B591A}.Release|Any CPU.Build.0 = Release|Any CPU
		{04B6B1B8-E689-4EE0-B61D-A3927E2B8476}.Debug|Any CPU.ActiveCfg = Debug|Any CPU
		{04B6B1B8-E689-4EE0-B61D-A3927E2B8476}.Debug|Any CPU.Build.0 = Debug|Any CPU
		{04B6B1B8-E689-4EE0-B61D-A3927E2B8476}.Release|Any CPU.ActiveCfg = Release|Any CPU
		{04B6B1B8-E689-4EE0-B61D-A3927E2B8476}.Release|Any CPU.Build.0 = Release|Any CPU
		{7FC50470-8275-4F76-B572-AD5C29863ACB}.Debug|Any CPU.ActiveCfg = Debug|Any CPU
		{7FC50470-8275-4F76-B572-AD5C29863ACB}.Debug|Any CPU.Build.0 = Debug|Any CPU
		{7FC50470-8275-4F76-B572-AD5C29863ACB}.Release|Any CPU.ActiveCfg = Release|Any CPU
		{7FC50470-8275-4F76-B572-AD5C29863ACB}.Release|Any CPU.Build.0 = Release|Any CPU
		{4C90ACF4-823D-425A-BC9B-6303F8474344}.Debug|Any CPU.ActiveCfg = Debug|Any CPU
		{4C90ACF4-823D-425A-BC9B-6303F8474344}.Debug|Any CPU.Build.0 = Debug|Any CPU
		{4C90ACF4-823D-425A-BC9B-6303F8474344}.Release|Any CPU.ActiveCfg = Release|Any CPU
		{4C90ACF4-823D-425A-BC9B-6303F8474344}.Release|Any CPU.Build.0 = Release|Any CPU
	EndGlobalSection
	GlobalSection(SolutionProperties) = preSolution
		HideSolutionNode = FALSE
	EndGlobalSection
	GlobalSection(ExtensibilityGlobals) = postSolution
		SolutionGuid = {A84D594C-9939-4186-AD3D-3EAA52FCFCC7}
	EndGlobalSection
EndGlobal
